// !$*UTF8*$!
{
	archiveVersion = 1;
	classes = {
	};
	objectVersion = 46;
	objects = {

/* Begin PBXBuildFile section */
		E116939915E2E59E00236C88 /* ASCIIView.m in Sources */ = {isa = PBXBuildFile; fileRef = E116939815E2E59E00236C88 /* ASCIIView.m */; };
		E116939D15E3DD9600236C88 /* BlockGrid.m in Sources */ = {isa = PBXBuildFile; fileRef = E116939C15E3DD9600236C88 /* BlockGrid.m */; };
		E169096815E80B5400B46E6A /* Icon.png in Resources */ = {isa = PBXBuildFile; fileRef = E169096615E80B5300B46E6A /* Icon.png */; };
		E169096915E80B5400B46E6A /* Icon@2x.png in Resources */ = {isa = PBXBuildFile; fileRef = E169096715E80B5300B46E6A /* Icon@2x.png */; };
		E169096C15E80C4600B46E6A /* Default.png in Resources */ = {isa = PBXBuildFile; fileRef = E169096A15E80C4600B46E6A /* Default.png */; };
		E169096D15E80C4600B46E6A /* Default@2x.png in Resources */ = {isa = PBXBuildFile; fileRef = E169096B15E80C4600B46E6A /* Default@2x.png */; };
		E17A695715E9303400B69DF2 /* libGPUImage.a in Frameworks */ = {isa = PBXBuildFile; fileRef = E17A695615E9303400B69DF2 /* libGPUImage.a */; };
		E17A695915E9304800B69DF2 /* OpenGLES.framework in Frameworks */ = {isa = PBXBuildFile; fileRef = E17A695815E9304800B69DF2 /* OpenGLES.framework */; };
		E17A696E15E932C500B69DF2 /* AcceleratedViewController.m in Sources */ = {isa = PBXBuildFile; fileRef = E17A696D15E932C500B69DF2 /* AcceleratedViewController.m */; };
		E17A697015E9344400B69DF2 /* QuartzCore.framework in Frameworks */ = {isa = PBXBuildFile; fileRef = E17A696F15E9344400B69DF2 /* QuartzCore.framework */; };
		E17A697215E9345F00B69DF2 /* ASCII-Info.plist in Resources */ = {isa = PBXBuildFile; fileRef = E17A697115E9345F00B69DF2 /* ASCII-Info.plist */; };
		E1C9353C15E2B980001E7060 /* letter.c in Sources */ = {isa = PBXBuildFile; fileRef = E1C9353815E2B980001E7060 /* letter.c */; };
		E1C9353F15E2BC07001E7060 /* definitions.txt in Resources */ = {isa = PBXBuildFile; fileRef = E1C9353E15E2BC07001E7060 /* definitions.txt */; };
		E1D2974115E293060081BC29 /* UIKit.framework in Frameworks */ = {isa = PBXBuildFile; fileRef = E1D2974015E293060081BC29 /* UIKit.framework */; };
		E1D2974315E293060081BC29 /* Foundation.framework in Frameworks */ = {isa = PBXBuildFile; fileRef = E1D2974215E293060081BC29 /* Foundation.framework */; };
		E1D2974515E293060081BC29 /* CoreGraphics.framework in Frameworks */ = {isa = PBXBuildFile; fileRef = E1D2974415E293060081BC29 /* CoreGraphics.framework */; };
		E1D2974B15E293060081BC29 /* InfoPlist.strings in Resources */ = {isa = PBXBuildFile; fileRef = E1D2974915E293060081BC29 /* InfoPlist.strings */; };
		E1D2974D15E293060081BC29 /* main.m in Sources */ = {isa = PBXBuildFile; fileRef = E1D2974C15E293060081BC29 /* main.m */; };
		E1D2975115E293060081BC29 /* AppDelegate.m in Sources */ = {isa = PBXBuildFile; fileRef = E1D2975015E293060081BC29 /* AppDelegate.m */; };
		E1D2975415E293060081BC29 /* ViewController.m in Sources */ = {isa = PBXBuildFile; fileRef = E1D2975315E293060081BC29 /* ViewController.m */; };
		E1D2975715E293060081BC29 /* ViewController.xib in Resources */ = {isa = PBXBuildFile; fileRef = E1D2975515E293060081BC29 /* ViewController.xib */; };
		E1D2975E15E2932B0081BC29 /* AVFoundation.framework in Frameworks */ = {isa = PBXBuildFile; fileRef = E1D2975D15E2932B0081BC29 /* AVFoundation.framework */; };
		E1D2976015E2952F0081BC29 /* CoreVideo.framework in Frameworks */ = {isa = PBXBuildFile; fileRef = E1D2975F15E2952F0081BC29 /* CoreVideo.framework */; };
		E1D2976215E295340081BC29 /* CoreMedia.framework in Frameworks */ = {isa = PBXBuildFile; fileRef = E1D2976115E295340081BC29 /* CoreMedia.framework */; };
/* End PBXBuildFile section */

/* Begin PBXFileReference section */
		E116939715E2E59E00236C88 /* ASCIIView.h */ = {isa = PBXFileReference; fileEncoding = 4; lastKnownFileType = sourcecode.c.h; path = ASCIIView.h; sourceTree = "<group>"; };
		E116939815E2E59E00236C88 /* ASCIIView.m */ = {isa = PBXFileReference; fileEncoding = 4; lastKnownFileType = sourcecode.c.objc; path = ASCIIView.m; sourceTree = "<group>"; };
		E116939A15E2E66400236C88 /* pixel_t.h */ = {isa = PBXFileReference; fileEncoding = 4; lastKnownFileType = sourcecode.c.h; path = pixel_t.h; sourceTree = "<group>"; };
		E116939B15E3DD9600236C88 /* BlockGrid.h */ = {isa = PBXFileReference; fileEncoding = 4; lastKnownFileType = sourcecode.c.h; path = BlockGrid.h; sourceTree = "<group>"; };
		E116939C15E3DD9600236C88 /* BlockGrid.m */ = {isa = PBXFileReference; fileEncoding = 4; lastKnownFileType = sourcecode.c.objc; path = BlockGrid.m; sourceTree = "<group>"; };
		E169096615E80B5300B46E6A /* Icon.png */ = {isa = PBXFileReference; lastKnownFileType = image.png; path = Icon.png; sourceTree = "<group>"; };
		E169096715E80B5300B46E6A /* Icon@2x.png */ = {isa = PBXFileReference; lastKnownFileType = image.png; path = "Icon@2x.png"; sourceTree = "<group>"; };
		E169096A15E80C4600B46E6A /* Default.png */ = {isa = PBXFileReference; lastKnownFileType = image.png; path = Default.png; sourceTree = "<group>"; };
		E169096B15E80C4600B46E6A /* Default@2x.png */ = {isa = PBXFileReference; lastKnownFileType = image.png; path = "Default@2x.png"; sourceTree = "<group>"; };
		E17A695615E9303400B69DF2 /* libGPUImage.a */ = {isa = PBXFileReference; lastKnownFileType = archive.ar; name = libGPUImage.a; path = "GPUImage/build/Release-iphoneos/libGPUImage.a"; sourceTree = "<group>"; };
		E17A695815E9304800B69DF2 /* OpenGLES.framework */ = {isa = PBXFileReference; lastKnownFileType = wrapper.framework; name = OpenGLES.framework; path = System/Library/Frameworks/OpenGLES.framework; sourceTree = SDKROOT; };
		E17A696C15E932C500B69DF2 /* AcceleratedViewController.h */ = {isa = PBXFileReference; fileEncoding = 4; lastKnownFileType = sourcecode.c.h; path = AcceleratedViewController.h; sourceTree = "<group>"; };
		E17A696D15E932C500B69DF2 /* AcceleratedViewController.m */ = {isa = PBXFileReference; fileEncoding = 4; lastKnownFileType = sourcecode.c.objc; path = AcceleratedViewController.m; sourceTree = "<group>"; };
		E17A696F15E9344400B69DF2 /* QuartzCore.framework */ = {isa = PBXFileReference; lastKnownFileType = wrapper.framework; name = QuartzCore.framework; path = System/Library/Frameworks/QuartzCore.framework; sourceTree = SDKROOT; };
		E17A697115E9345F00B69DF2 /* ASCII-Info.plist */ = {isa = PBXFileReference; fileEncoding = 4; lastKnownFileType = text.plist.xml; path = "ASCII-Info.plist"; sourceTree = "<group>"; };
		E1C9353815E2B980001E7060 /* letter.c */ = {isa = PBXFileReference; fileEncoding = 4; lastKnownFileType = sourcecode.c.c; path = letter.c; sourceTree = "<group>"; };
		E1C9353915E2B980001E7060 /* letter.h */ = {isa = PBXFileReference; fileEncoding = 4; lastKnownFileType = sourcecode.c.h; path = letter.h; sourceTree = "<group>"; };
		E1C9353E15E2BC07001E7060 /* definitions.txt */ = {isa = PBXFileReference; fileEncoding = 4; lastKnownFileType = text; path = definitions.txt; sourceTree = "<group>"; };
		E1D2973C15E293060081BC29 /* ASCII.app */ = {isa = PBXFileReference; explicitFileType = wrapper.application; includeInIndex = 0; path = ASCII.app; sourceTree = BUILT_PRODUCTS_DIR; };
		E1D2974015E293060081BC29 /* UIKit.framework */ = {isa = PBXFileReference; lastKnownFileType = wrapper.framework; name = UIKit.framework; path = System/Library/Frameworks/UIKit.framework; sourceTree = SDKROOT; };
		E1D2974215E293060081BC29 /* Foundation.framework */ = {isa = PBXFileReference; lastKnownFileType = wrapper.framework; name = Foundation.framework; path = System/Library/Frameworks/Foundation.framework; sourceTree = SDKROOT; };
		E1D2974415E293060081BC29 /* CoreGraphics.framework */ = {isa = PBXFileReference; lastKnownFileType = wrapper.framework; name = CoreGraphics.framework; path = System/Library/Frameworks/CoreGraphics.framework; sourceTree = SDKROOT; };
		E1D2974A15E293060081BC29 /* en */ = {isa = PBXFileReference; lastKnownFileType = text.plist.strings; name = en; path = en.lproj/InfoPlist.strings; sourceTree = "<group>"; };
		E1D2974C15E293060081BC29 /* main.m */ = {isa = PBXFileReference; lastKnownFileType = sourcecode.c.objc; path = main.m; sourceTree = "<group>"; };
		E1D2974E15E293060081BC29 /* ASCII-Prefix.pch */ = {isa = PBXFileReference; lastKnownFileType = sourcecode.c.h; path = "ASCII-Prefix.pch"; sourceTree = "<group>"; };
		E1D2974F15E293060081BC29 /* AppDelegate.h */ = {isa = PBXFileReference; lastKnownFileType = sourcecode.c.h; path = AppDelegate.h; sourceTree = "<group>"; };
		E1D2975015E293060081BC29 /* AppDelegate.m */ = {isa = PBXFileReference; lastKnownFileType = sourcecode.c.objc; path = AppDelegate.m; sourceTree = "<group>"; };
		E1D2975215E293060081BC29 /* ViewController.h */ = {isa = PBXFileReference; lastKnownFileType = sourcecode.c.h; path = ViewController.h; sourceTree = "<group>"; };
		E1D2975315E293060081BC29 /* ViewController.m */ = {isa = PBXFileReference; lastKnownFileType = sourcecode.c.objc; path = ViewController.m; sourceTree = "<group>"; };
		E1D2975615E293060081BC29 /* en */ = {isa = PBXFileReference; lastKnownFileType = file.xib; name = en; path = en.lproj/ViewController.xib; sourceTree = "<group>"; };
		E1D2975D15E2932B0081BC29 /* AVFoundation.framework */ = {isa = PBXFileReference; lastKnownFileType = wrapper.framework; name = AVFoundation.framework; path = System/Library/Frameworks/AVFoundation.framework; sourceTree = SDKROOT; };
		E1D2975F15E2952F0081BC29 /* CoreVideo.framework */ = {isa = PBXFileReference; lastKnownFileType = wrapper.framework; name = CoreVideo.framework; path = System/Library/Frameworks/CoreVideo.framework; sourceTree = SDKROOT; };
		E1D2976115E295340081BC29 /* CoreMedia.framework */ = {isa = PBXFileReference; lastKnownFileType = wrapper.framework; name = CoreMedia.framework; path = System/Library/Frameworks/CoreMedia.framework; sourceTree = SDKROOT; };
/* End PBXFileReference section */

/* Begin PBXFrameworksBuildPhase section */
		E1D2973915E293060081BC29 /* Frameworks */ = {
			isa = PBXFrameworksBuildPhase;
			buildActionMask = 2147483647;
			files = (
				E17A697015E9344400B69DF2 /* QuartzCore.framework in Frameworks */,
				E1D2976215E295340081BC29 /* CoreMedia.framework in Frameworks */,
				E17A695915E9304800B69DF2 /* OpenGLES.framework in Frameworks */,
				E17A695715E9303400B69DF2 /* libGPUImage.a in Frameworks */,
				E1D2976015E2952F0081BC29 /* CoreVideo.framework in Frameworks */,
				E1D2975E15E2932B0081BC29 /* AVFoundation.framework in Frameworks */,
				E1D2974115E293060081BC29 /* UIKit.framework in Frameworks */,
				E1D2974315E293060081BC29 /* Foundation.framework in Frameworks */,
				E1D2974515E293060081BC29 /* CoreGraphics.framework in Frameworks */,
			);
			runOnlyForDeploymentPostprocessing = 0;
		};
/* End PBXFrameworksBuildPhase section */

/* Begin PBXGroup section */
		E169096E15E8301A00B46E6A /* Images */ = {
			isa = PBXGroup;
			children = (
				E169096A15E80C4600B46E6A /* Default.png */,
				E169096B15E80C4600B46E6A /* Default@2x.png */,
				E169096615E80B5300B46E6A /* Icon.png */,
				E169096715E80B5300B46E6A /* Icon@2x.png */,
			);
			name = Images;
			sourceTree = "<group>";
		};
		E169096F15E8302600B46E6A /* ASCII Generation */ = {
			isa = PBXGroup;
			children = (
				E1C9353815E2B980001E7060 /* letter.c */,
				E1C9353915E2B980001E7060 /* letter.h */,
				E1C9353E15E2BC07001E7060 /* definitions.txt */,
			);
			name = "ASCII Generation";
			sourceTree = "<group>";
		};
		E1D2973115E293060081BC29 = {
			isa = PBXGroup;
			children = (
				E1D2974615E293060081BC29 /* ASCII */,
				E1D2973F15E293060081BC29 /* Frameworks */,
				E1D2973D15E293060081BC29 /* Products */,
			);
			sourceTree = "<group>";
		};
		E1D2973D15E293060081BC29 /* Products */ = {
			isa = PBXGroup;
			children = (
				E1D2973C15E293060081BC29 /* ASCII.app */,
			);
			name = Products;
			sourceTree = "<group>";
		};
		E1D2973F15E293060081BC29 /* Frameworks */ = {
			isa = PBXGroup;
			children = (
				E17A696F15E9344400B69DF2 /* QuartzCore.framework */,
				E17A695815E9304800B69DF2 /* OpenGLES.framework */,
				E17A695615E9303400B69DF2 /* libGPUImage.a */,
				E1D2976115E295340081BC29 /* CoreMedia.framework */,
				E1D2975F15E2952F0081BC29 /* CoreVideo.framework */,
				E1D2975D15E2932B0081BC29 /* AVFoundation.framework */,
				E1D2974015E293060081BC29 /* UIKit.framework */,
				E1D2974215E293060081BC29 /* Foundation.framework */,
				E1D2974415E293060081BC29 /* CoreGraphics.framework */,
			);
			name = Frameworks;
			sourceTree = "<group>";
		};
		E1D2974615E293060081BC29 /* ASCII */ = {
			isa = PBXGroup;
			children = (
				E169096F15E8302600B46E6A /* ASCII Generation */,
				E169096E15E8301A00B46E6A /* Images */,
				E17A696C15E932C500B69DF2 /* AcceleratedViewController.h */,
				E17A696D15E932C500B69DF2 /* AcceleratedViewController.m */,
				E1D2974F15E293060081BC29 /* AppDelegate.h */,
				E1D2975015E293060081BC29 /* AppDelegate.m */,
				E1D2975215E293060081BC29 /* ViewController.h */,
				E1D2975315E293060081BC29 /* ViewController.m */,
				E1D2975515E293060081BC29 /* ViewController.xib */,
				E116939A15E2E66400236C88 /* pixel_t.h */,
				E116939B15E3DD9600236C88 /* BlockGrid.h */,
				E116939C15E3DD9600236C88 /* BlockGrid.m */,
				E116939715E2E59E00236C88 /* ASCIIView.h */,
				E116939815E2E59E00236C88 /* ASCIIView.m */,
				E1D2974715E293060081BC29 /* Supporting Files */,
			);
			path = ASCII;
			sourceTree = "<group>";
		};
		E1D2974715E293060081BC29 /* Supporting Files */ = {
			isa = PBXGroup;
			children = (
				E17A697115E9345F00B69DF2 /* ASCII-Info.plist */,
				E1D2974915E293060081BC29 /* InfoPlist.strings */,
				E1D2974C15E293060081BC29 /* main.m */,
				E1D2974E15E293060081BC29 /* ASCII-Prefix.pch */,
			);
			name = "Supporting Files";
			sourceTree = "<group>";
		};
/* End PBXGroup section */

/* Begin PBXNativeTarget section */
		E1D2973B15E293060081BC29 /* ASCII */ = {
			isa = PBXNativeTarget;
			buildConfigurationList = E1D2975A15E293060081BC29 /* Build configuration list for PBXNativeTarget "ASCII" */;
			buildPhases = (
				E1D2973815E293060081BC29 /* Sources */,
				E1D2973915E293060081BC29 /* Frameworks */,
				E1D2973A15E293060081BC29 /* Resources */,
			);
			buildRules = (
			);
			dependencies = (
			);
			name = ASCII;
			productName = ASCII;
			productReference = E1D2973C15E293060081BC29 /* ASCII.app */;
			productType = "com.apple.product-type.application";
		};
/* End PBXNativeTarget section */

/* Begin PBXProject section */
		E1D2973315E293060081BC29 /* Project object */ = {
			isa = PBXProject;
			attributes = {
				LastUpgradeCheck = 0420;
			};
			buildConfigurationList = E1D2973615E293060081BC29 /* Build configuration list for PBXProject "ASCII" */;
			compatibilityVersion = "Xcode 3.2";
			developmentRegion = English;
			hasScannedForEncodings = 0;
			knownRegions = (
				en,
			);
			mainGroup = E1D2973115E293060081BC29;
			productRefGroup = E1D2973D15E293060081BC29 /* Products */;
			projectDirPath = "";
			projectRoot = "";
			targets = (
				E1D2973B15E293060081BC29 /* ASCII */,
			);
		};
/* End PBXProject section */

/* Begin PBXResourcesBuildPhase section */
		E1D2973A15E293060081BC29 /* Resources */ = {
			isa = PBXResourcesBuildPhase;
			buildActionMask = 2147483647;
			files = (
				E1D2974B15E293060081BC29 /* InfoPlist.strings in Resources */,
				E1D2975715E293060081BC29 /* ViewController.xib in Resources */,
				E1C9353F15E2BC07001E7060 /* definitions.txt in Resources */,
				E169096815E80B5400B46E6A /* Icon.png in Resources */,
				E169096915E80B5400B46E6A /* Icon@2x.png in Resources */,
				E169096C15E80C4600B46E6A /* Default.png in Resources */,
				E169096D15E80C4600B46E6A /* Default@2x.png in Resources */,
				E17A697215E9345F00B69DF2 /* ASCII-Info.plist in Resources */,
			);
			runOnlyForDeploymentPostprocessing = 0;
		};
/* End PBXResourcesBuildPhase section */

/* Begin PBXSourcesBuildPhase section */
		E1D2973815E293060081BC29 /* Sources */ = {
			isa = PBXSourcesBuildPhase;
			buildActionMask = 2147483647;
			files = (
				E1D2974D15E293060081BC29 /* main.m in Sources */,
				E1D2975115E293060081BC29 /* AppDelegate.m in Sources */,
				E1D2975415E293060081BC29 /* ViewController.m in Sources */,
				E1C9353C15E2B980001E7060 /* letter.c in Sources */,
				E116939915E2E59E00236C88 /* ASCIIView.m in Sources */,
				E116939D15E3DD9600236C88 /* BlockGrid.m in Sources */,
				E17A696E15E932C500B69DF2 /* AcceleratedViewController.m in Sources */,
			);
			runOnlyForDeploymentPostprocessing = 0;
		};
/* End PBXSourcesBuildPhase section */

/* Begin PBXVariantGroup section */
		E1D2974915E293060081BC29 /* InfoPlist.strings */ = {
			isa = PBXVariantGroup;
			children = (
				E1D2974A15E293060081BC29 /* en */,
			);
			name = InfoPlist.strings;
			sourceTree = "<group>";
		};
		E1D2975515E293060081BC29 /* ViewController.xib */ = {
			isa = PBXVariantGroup;
			children = (
				E1D2975615E293060081BC29 /* en */,
			);
			name = ViewController.xib;
			sourceTree = "<group>";
		};
/* End PBXVariantGroup section */

/* Begin XCBuildConfiguration section */
		E1D2975815E293060081BC29 /* Debug */ = {
			isa = XCBuildConfiguration;
			buildSettings = {
				ALWAYS_SEARCH_USER_PATHS = NO;
				ARCHS = "$(ARCHS_STANDARD_32_BIT)";
				"CODE_SIGN_IDENTITY[sdk=iphoneos*]" = "iPhone Developer";
				COPY_PHASE_STRIP = NO;
				GCC_C_LANGUAGE_STANDARD = gnu99;
				GCC_DYNAMIC_NO_PIC = NO;
				GCC_OPTIMIZATION_LEVEL = 0;
				GCC_PREPROCESSOR_DEFINITIONS = (
					"DEBUG=1",
					"$(inherited)",
				);
				GCC_SYMBOLS_PRIVATE_EXTERN = NO;
				GCC_VERSION = com.apple.compilers.llvm.clang.1_0;
				GCC_WARN_ABOUT_MISSING_PROTOTYPES = YES;
				GCC_WARN_ABOUT_RETURN_TYPE = YES;
				GCC_WARN_UNUSED_VARIABLE = YES;
				IPHONEOS_DEPLOYMENT_TARGET = 5.0;
				SDKROOT = iphoneos;
			};
			name = Debug;
		};
		E1D2975915E293060081BC29 /* Release */ = {
			isa = XCBuildConfiguration;
			buildSettings = {
				ALWAYS_SEARCH_USER_PATHS = NO;
				ARCHS = "$(ARCHS_STANDARD_32_BIT)";
				"CODE_SIGN_IDENTITY[sdk=iphoneos*]" = "iPhone Developer";
				COPY_PHASE_STRIP = YES;
				GCC_C_LANGUAGE_STANDARD = gnu99;
				GCC_VERSION = com.apple.compilers.llvm.clang.1_0;
				GCC_WARN_ABOUT_MISSING_PROTOTYPES = YES;
				GCC_WARN_ABOUT_RETURN_TYPE = YES;
				GCC_WARN_UNUSED_VARIABLE = YES;
				IPHONEOS_DEPLOYMENT_TARGET = 5.0;
				OTHER_CFLAGS = "-DNS_BLOCK_ASSERTIONS=1";
				SDKROOT = iphoneos;
				VALIDATE_PRODUCT = YES;
			};
			name = Release;
		};
		E1D2975B15E293060081BC29 /* Debug */ = {
			isa = XCBuildConfiguration;
			buildSettings = {
				ALWAYS_SEARCH_USER_PATHS = YES;
				"CODE_SIGN_IDENTITY[sdk=iphoneos*]" = "iPhone Developer";
				GCC_PRECOMPILE_PREFIX_HEADER = YES;
				GCC_PREFIX_HEADER = "ASCII/ASCII-Prefix.pch";
				HEADER_SEARCH_PATHS = "\"$(SRCROOT)/GPUImage/framework/Source\"";
				INFOPLIST_FILE = "ASCII/ASCII-Info.plist";
				PRODUCT_NAME = "$(TARGET_NAME)";
				"PROVISIONING_PROFILE[sdk=iphoneos*]" = "";
				WRAPPER_EXTENSION = app;
			};
			name = Debug;
		};
		E1D2975C15E293060081BC29 /* Release */ = {
			isa = XCBuildConfiguration;
			buildSettings = {
				ALWAYS_SEARCH_USER_PATHS = YES;
				"CODE_SIGN_IDENTITY[sdk=iphoneos*]" = "iPhone Developer";
				GCC_PRECOMPILE_PREFIX_HEADER = YES;
				GCC_PREFIX_HEADER = "ASCII/ASCII-Prefix.pch";
				HEADER_SEARCH_PATHS = "\"$(SRCROOT)/GPUImage/framework/Source\"";
				INFOPLIST_FILE = "ASCII/ASCII-Info.plist";
				PRODUCT_NAME = "$(TARGET_NAME)";
				"PROVISIONING_PROFILE[sdk=iphoneos*]" = "";
				WRAPPER_EXTENSION = app;
			};
			name = Release;
		};
/* End XCBuildConfiguration section */

/* Begin XCConfigurationList section */
		E1D2973615E293060081BC29 /* Build configuration list for PBXProject "ASCII" */ = {
			isa = XCConfigurationList;
			buildConfigurations = (
				E1D2975815E293060081BC29 /* Debug */,
				E1D2975915E293060081BC29 /* Release */,
			);
			defaultConfigurationIsVisible = 0;
			defaultConfigurationName = Release;
		};
		E1D2975A15E293060081BC29 /* Build configuration list for PBXNativeTarget "ASCII" */ = {
			isa = XCConfigurationList;
			buildConfigurations = (
				E1D2975B15E293060081BC29 /* Debug */,
				E1D2975C15E293060081BC29 /* Release */,
			);
			defaultConfigurationIsVisible = 0;
			defaultConfigurationName = Release;
		};
/* End XCConfigurationList section */
	};
	rootObject = E1D2973315E293060081BC29 /* Project object */;
}
